
Microsoft Visual Studio Solution File, Format Version 12.00
# Visual Studio Version 17
VisualStudioVersion = 17.6.33815.320
MinimumVisualStudioVersion = 10.0.40219.1
Project("{FAE04EC0-301F-11D3-BF4B-00C04F79EFBC}") = "calculate-print-student-grades", "calculate-print-student-grades\calculate-print-student-grades.csproj", "{6003226A-2F00-4364-9B7A-F82458F3373C}"
EndProject
Global
	GlobalSection(SolutionConfigurationPlatforms) = preSolution
		Debug|Any CPU = Debug|Any CPU
		Release|Any CPU = Release|Any CPU
	EndGlobalSection
	GlobalSection(ProjectConfigurationPlatforms) = postSolution
		{6003226A-2F00-4364-9B7A-F82458F3373C}.Debug|Any CPU.ActiveCfg = Debug|Any CPU
		{6003226A-2F00-4364-9B7A-F82458F3373C}.Debug|Any CPU.Build.0 = Debug|Any CPU
		{6003226A-2F00-4364-9B7A-F82458F3373C}.Release|Any CPU.ActiveCfg = Release|Any CPU
		{6003226A-2F00-4364-9B7A-F82458F3373C}.Release|Any CPU.Build.0 = Release|Any CPU
	EndGlobalSection
	GlobalSection(SolutionProperties) = preSolution
		HideSolutionNode = FALSE
	EndGlobalSection
	GlobalSection(ExtensibilityGlobals) = postSolution
		SolutionGuid = {9CB9D434-64AD-45C9-BF22-154C5F278D2A}
	EndGlobalSection
EndGlobal
